// !$*UTF8*$!
{
	archiveVersion = 1;
	classes = {
	};
	objectVersion = 50;
	objects = {

/* Begin PBXBuildFile section */
		B1B0602823E82CDA0035002B /* AppDelegate.swift in Sources */ = {isa = PBXBuildFile; fileRef = B1B0602723E82CDA0035002B /* AppDelegate.swift */; };
		B1B0602A23E82CDA0035002B /* SceneDelegate.swift in Sources */ = {isa = PBXBuildFile; fileRef = B1B0602923E82CDA0035002B /* SceneDelegate.swift */; };
		B1B0602C23E82CDA0035002B /* ContentView.swift in Sources */ = {isa = PBXBuildFile; fileRef = B1B0602B23E82CDA0035002B /* ContentView.swift */; };
		B1B0602E23E82CDE0035002B /* Assets.xcassets in Resources */ = {isa = PBXBuildFile; fileRef = B1B0602D23E82CDE0035002B /* Assets.xcassets */; };
		B1B0603123E82CDE0035002B /* Preview Assets.xcassets in Resources */ = {isa = PBXBuildFile; fileRef = B1B0603023E82CDE0035002B /* Preview Assets.xcassets */; };
		B1B0603423E82CDE0035002B /* LaunchScreen.storyboard in Resources */ = {isa = PBXBuildFile; fileRef = B1B0603223E82CDE0035002B /* LaunchScreen.storyboard */; };
		B1B0603F23E82CDE0035002B /* TestBitriseTests.swift in Sources */ = {isa = PBXBuildFile; fileRef = B1B0603E23E82CDE0035002B /* TestBitriseTests.swift */; };
		B1B0604A23E82CDE0035002B /* TestBitriseUITests.swift in Sources */ = {isa = PBXBuildFile; fileRef = B1B0604923E82CDE0035002B /* TestBitriseUITests.swift */; };
/* End PBXBuildFile section */

/* Begin PBXContainerItemProxy section */
		B1B0603B23E82CDE0035002B /* PBXContainerItemProxy */ = {
			isa = PBXContainerItemProxy;
			containerPortal = B1B0601C23E82CDA0035002B /* Project object */;
			proxyType = 1;
			remoteGlobalIDString = B1B0602323E82CDA0035002B;
			remoteInfo = TestBitrise;
		};
		B1B0604623E82CDE0035002B /* PBXContainerItemProxy */ = {
			isa = PBXContainerItemProxy;
			containerPortal = B1B0601C23E82CDA0035002B /* Project object */;
			proxyType = 1;
			remoteGlobalIDString = B1B0602323E82CDA0035002B;
			remoteInfo = TestBitrise;
		};
/* End PBXContainerItemProxy section */

/* Begin PBXFileReference section */
		B1B0602423E82CDA0035002B /* TestBitrise.app */ = {isa = PBXFileReference; explicitFileType = wrapper.application; includeInIndex = 0; path = TestBitrise.app; sourceTree = BUILT_PRODUCTS_DIR; };
		B1B0602723E82CDA0035002B /* AppDelegate.swift */ = {isa = PBXFileReference; lastKnownFileType = sourcecode.swift; path = AppDelegate.swift; sourceTree = "<group>"; };
		B1B0602923E82CDA0035002B /* SceneDelegate.swift */ = {isa = PBXFileReference; lastKnownFileType = sourcecode.swift; path = SceneDelegate.swift; sourceTree = "<group>"; };
		B1B0602B23E82CDA0035002B /* ContentView.swift */ = {isa = PBXFileReference; lastKnownFileType = sourcecode.swift; path = ContentView.swift; sourceTree = "<group>"; };
		B1B0602D23E82CDE0035002B /* Assets.xcassets */ = {isa = PBXFileReference; lastKnownFileType = folder.assetcatalog; path = Assets.xcassets; sourceTree = "<group>"; };
		B1B0603023E82CDE0035002B /* Preview Assets.xcassets */ = {isa = PBXFileReference; lastKnownFileType = folder.assetcatalog; path = "Preview Assets.xcassets"; sourceTree = "<group>"; };
		B1B0603323E82CDE0035002B /* Base */ = {isa = PBXFileReference; lastKnownFileType = file.storyboard; name = Base; path = Base.lproj/LaunchScreen.storyboard; sourceTree = "<group>"; };
		B1B0603523E82CDE0035002B /* Info.plist */ = {isa = PBXFileReference; lastKnownFileType = text.plist.xml; path = Info.plist; sourceTree = "<group>"; };
		B1B0603A23E82CDE0035002B /* TestBitriseTests.xctest */ = {isa = PBXFileReference; explicitFileType = wrapper.cfbundle; includeInIndex = 0; path = TestBitriseTests.xctest; sourceTree = BUILT_PRODUCTS_DIR; };
		B1B0603E23E82CDE0035002B /* TestBitriseTests.swift */ = {isa = PBXFileReference; lastKnownFileType = sourcecode.swift; path = TestBitriseTests.swift; sourceTree = "<group>"; };
		B1B0604023E82CDE0035002B /* Info.plist */ = {isa = PBXFileReference; lastKnownFileType = text.plist.xml; path = Info.plist; sourceTree = "<group>"; };
		B1B0604523E82CDE0035002B /* TestBitriseUITests.xctest */ = {isa = PBXFileReference; explicitFileType = wrapper.cfbundle; includeInIndex = 0; path = TestBitriseUITests.xctest; sourceTree = BUILT_PRODUCTS_DIR; };
		B1B0604923E82CDE0035002B /* TestBitriseUITests.swift */ = {isa = PBXFileReference; lastKnownFileType = sourcecode.swift; path = TestBitriseUITests.swift; sourceTree = "<group>"; };
		B1B0604B23E82CDE0035002B /* Info.plist */ = {isa = PBXFileReference; lastKnownFileType = text.plist.xml; path = Info.plist; sourceTree = "<group>"; };
/* End PBXFileReference section */

/* Begin PBXFrameworksBuildPhase section */
		B1B0602123E82CDA0035002B /* Frameworks */ = {
			isa = PBXFrameworksBuildPhase;
			buildActionMask = 2147483647;
			files = (
			);
			runOnlyForDeploymentPostprocessing = 0;
		};
		B1B0603723E82CDE0035002B /* Frameworks */ = {
			isa = PBXFrameworksBuildPhase;
			buildActionMask = 2147483647;
			files = (
			);
			runOnlyForDeploymentPostprocessing = 0;
		};
		B1B0604223E82CDE0035002B /* Frameworks */ = {
			isa = PBXFrameworksBuildPhase;
			buildActionMask = 2147483647;
			files = (
			);
			runOnlyForDeploymentPostprocessing = 0;
		};
/* End PBXFrameworksBuildPhase section */

/* Begin PBXGroup section */
		B1B0601B23E82CDA0035002B = {
			isa = PBXGroup;
			children = (
				B1B0602623E82CDA0035002B /* TestBitrise */,
				B1B0603D23E82CDE0035002B /* TestBitriseTests */,
				B1B0604823E82CDE0035002B /* TestBitriseUITests */,
				B1B0602523E82CDA0035002B /* Products */,
			);
			sourceTree = "<group>";
		};
		B1B0602523E82CDA0035002B /* Products */ = {
			isa = PBXGroup;
			children = (
				B1B0602423E82CDA0035002B /* TestBitrise.app */,
				B1B0603A23E82CDE0035002B /* TestBitriseTests.xctest */,
				B1B0604523E82CDE0035002B /* TestBitriseUITests.xctest */,
			);
			name = Products;
			sourceTree = "<group>";
		};
		B1B0602623E82CDA0035002B /* TestBitrise */ = {
			isa = PBXGroup;
			children = (
				B1B0602723E82CDA0035002B /* AppDelegate.swift */,
				B1B0602923E82CDA0035002B /* SceneDelegate.swift */,
				B1B0602B23E82CDA0035002B /* ContentView.swift */,
				B1B0602D23E82CDE0035002B /* Assets.xcassets */,
				B1B0603223E82CDE0035002B /* LaunchScreen.storyboard */,
				B1B0603523E82CDE0035002B /* Info.plist */,
				B1B0602F23E82CDE0035002B /* Preview Content */,
			);
			path = TestBitrise;
			sourceTree = "<group>";
		};
		B1B0602F23E82CDE0035002B /* Preview Content */ = {
			isa = PBXGroup;
			children = (
				B1B0603023E82CDE0035002B /* Preview Assets.xcassets */,
			);
			path = "Preview Content";
			sourceTree = "<group>";
		};
		B1B0603D23E82CDE0035002B /* TestBitriseTests */ = {
			isa = PBXGroup;
			children = (
				B1B0603E23E82CDE0035002B /* TestBitriseTests.swift */,
				B1B0604023E82CDE0035002B /* Info.plist */,
			);
			path = TestBitriseTests;
			sourceTree = "<group>";
		};
		B1B0604823E82CDE0035002B /* TestBitriseUITests */ = {
			isa = PBXGroup;
			children = (
				B1B0604923E82CDE0035002B /* TestBitriseUITests.swift */,
				B1B0604B23E82CDE0035002B /* Info.plist */,
			);
			path = TestBitriseUITests;
			sourceTree = "<group>";
		};
/* End PBXGroup section */

/* Begin PBXNativeTarget section */
		B1B0602323E82CDA0035002B /* TestBitrise */ = {
			isa = PBXNativeTarget;
			buildConfigurationList = B1B0604E23E82CDE0035002B /* Build configuration list for PBXNativeTarget "TestBitrise" */;
			buildPhases = (
				B1B0602023E82CDA0035002B /* Sources */,
				B1B0602123E82CDA0035002B /* Frameworks */,
				B1B0602223E82CDA0035002B /* Resources */,
			);
			buildRules = (
			);
			dependencies = (
			);
			name = TestBitrise;
			productName = TestBitrise;
			productReference = B1B0602423E82CDA0035002B /* TestBitrise.app */;
			productType = "com.apple.product-type.application";
		};
		B1B0603923E82CDE0035002B /* TestBitriseTests */ = {
			isa = PBXNativeTarget;
			buildConfigurationList = B1B0605123E82CDE0035002B /* Build configuration list for PBXNativeTarget "TestBitriseTests" */;
			buildPhases = (
				B1B0603623E82CDE0035002B /* Sources */,
				B1B0603723E82CDE0035002B /* Frameworks */,
				B1B0603823E82CDE0035002B /* Resources */,
			);
			buildRules = (
			);
			dependencies = (
				B1B0603C23E82CDE0035002B /* PBXTargetDependency */,
			);
			name = TestBitriseTests;
			productName = TestBitriseTests;
			productReference = B1B0603A23E82CDE0035002B /* TestBitriseTests.xctest */;
			productType = "com.apple.product-type.bundle.unit-test";
		};
		B1B0604423E82CDE0035002B /* TestBitriseUITests */ = {
			isa = PBXNativeTarget;
			buildConfigurationList = B1B0605423E82CDE0035002B /* Build configuration list for PBXNativeTarget "TestBitriseUITests" */;
			buildPhases = (
				B1B0604123E82CDE0035002B /* Sources */,
				B1B0604223E82CDE0035002B /* Frameworks */,
				B1B0604323E82CDE0035002B /* Resources */,
			);
			buildRules = (
			);
			dependencies = (
				B1B0604723E82CDE0035002B /* PBXTargetDependency */,
			);
			name = TestBitriseUITests;
			productName = TestBitriseUITests;
			productReference = B1B0604523E82CDE0035002B /* TestBitriseUITests.xctest */;
			productType = "com.apple.product-type.bundle.ui-testing";
		};
/* End PBXNativeTarget section */

/* Begin PBXProject section */
		B1B0601C23E82CDA0035002B /* Project object */ = {
			isa = PBXProject;
			attributes = {
				LastSwiftUpdateCheck = 1130;
				LastUpgradeCheck = 1130;
				ORGANIZATIONNAME = Traveldoo;
				TargetAttributes = {
					B1B0602323E82CDA0035002B = {
						CreatedOnToolsVersion = 11.3.1;
					};
					B1B0603923E82CDE0035002B = {
						CreatedOnToolsVersion = 11.3.1;
						TestTargetID = B1B0602323E82CDA0035002B;
					};
					B1B0604423E82CDE0035002B = {
						CreatedOnToolsVersion = 11.3.1;
						TestTargetID = B1B0602323E82CDA0035002B;
					};
				};
			};
			buildConfigurationList = B1B0601F23E82CDA0035002B /* Build configuration list for PBXProject "TestBitrise" */;
			compatibilityVersion = "Xcode 9.3";
			developmentRegion = en;
			hasScannedForEncodings = 0;
			knownRegions = (
				en,
				Base,
			);
			mainGroup = B1B0601B23E82CDA0035002B;
			productRefGroup = B1B0602523E82CDA0035002B /* Products */;
			projectDirPath = "";
			projectRoot = "";
			targets = (
				B1B0602323E82CDA0035002B /* TestBitrise */,
				B1B0603923E82CDE0035002B /* TestBitriseTests */,
				B1B0604423E82CDE0035002B /* TestBitriseUITests */,
			);
		};
/* End PBXProject section */

/* Begin PBXResourcesBuildPhase section */
		B1B0602223E82CDA0035002B /* Resources */ = {
			isa = PBXResourcesBuildPhase;
			buildActionMask = 2147483647;
			files = (
				B1B0603423E82CDE0035002B /* LaunchScreen.storyboard in Resources */,
				B1B0603123E82CDE0035002B /* Preview Assets.xcassets in Resources */,
				B1B0602E23E82CDE0035002B /* Assets.xcassets in Resources */,
			);
			runOnlyForDeploymentPostprocessing = 0;
		};
		B1B0603823E82CDE0035002B /* Resources */ = {
			isa = PBXResourcesBuildPhase;
			buildActionMask = 2147483647;
			files = (
			);
			runOnlyForDeploymentPostprocessing = 0;
		};
		B1B0604323E82CDE0035002B /* Resources */ = {
			isa = PBXResourcesBuildPhase;
			buildActionMask = 2147483647;
			files = (
			);
			runOnlyForDeploymentPostprocessing = 0;
		};
/* End PBXResourcesBuildPhase section */

/* Begin PBXSourcesBuildPhase section */
		B1B0602023E82CDA0035002B /* Sources */ = {
			isa = PBXSourcesBuildPhase;
			buildActionMask = 2147483647;
			files = (
				B1B0602823E82CDA0035002B /* AppDelegate.swift in Sources */,
				B1B0602A23E82CDA0035002B /* SceneDelegate.swift in Sources */,
				B1B0602C23E82CDA0035002B /* ContentView.swift in Sources */,
			);
			runOnlyForDeploymentPostprocessing = 0;
		};
		B1B0603623E82CDE0035002B /* Sources */ = {
			isa = PBXSourcesBuildPhase;
			buildActionMask = 2147483647;
			files = (
				B1B0603F23E82CDE0035002B /* TestBitriseTests.swift in Sources */,
			);
			runOnlyForDeploymentPostprocessing = 0;
		};
		B1B0604123E82CDE0035002B /* Sources */ = {
			isa = PBXSourcesBuildPhase;
			buildActionMask = 2147483647;
			files = (
				B1B0604A23E82CDE0035002B /* TestBitriseUITests.swift in Sources */,
			);
			runOnlyForDeploymentPostprocessing = 0;
		};
/* End PBXSourcesBuildPhase section */

/* Begin PBXTargetDependency section */
		B1B0603C23E82CDE0035002B /* PBXTargetDependency */ = {
			isa = PBXTargetDependency;
			target = B1B0602323E82CDA0035002B /* TestBitrise */;
			targetProxy = B1B0603B23E82CDE0035002B /* PBXContainerItemProxy */;
		};
		B1B0604723E82CDE0035002B /* PBXTargetDependency */ = {
			isa = PBXTargetDependency;
			target = B1B0602323E82CDA0035002B /* TestBitrise */;
			targetProxy = B1B0604623E82CDE0035002B /* PBXContainerItemProxy */;
		};
/* End PBXTargetDependency section */

/* Begin PBXVariantGroup section */
		B1B0603223E82CDE0035002B /* LaunchScreen.storyboard */ = {
			isa = PBXVariantGroup;
			children = (
				B1B0603323E82CDE0035002B /* Base */,
			);
			name = LaunchScreen.storyboard;
			sourceTree = "<group>";
		};
/* End PBXVariantGroup section */

/* Begin XCBuildConfiguration section */
		B1B0604C23E82CDE0035002B /* Debug */ = {
			isa = XCBuildConfiguration;
			buildSettings = {
				ALWAYS_SEARCH_USER_PATHS = NO;
				CLANG_ANALYZER_NONNULL = YES;
				CLANG_ANALYZER_NUMBER_OBJECT_CONVERSION = YES_AGGRESSIVE;
				CLANG_CXX_LANGUAGE_STANDARD = "gnu++14";
				CLANG_CXX_LIBRARY = "libc++";
				CLANG_ENABLE_MODULES = YES;
				CLANG_ENABLE_OBJC_ARC = YES;
				CLANG_ENABLE_OBJC_WEAK = YES;
				CLANG_WARN_BLOCK_CAPTURE_AUTORELEASING = YES;
				CLANG_WARN_BOOL_CONVERSION = YES;
				CLANG_WARN_COMMA = YES;
				CLANG_WARN_CONSTANT_CONVERSION = YES;
				CLANG_WARN_DEPRECATED_OBJC_IMPLEMENTATIONS = YES;
				CLANG_WARN_DIRECT_OBJC_ISA_USAGE = YES_ERROR;
				CLANG_WARN_DOCUMENTATION_COMMENTS = YES;
				CLANG_WARN_EMPTY_BODY = YES;
				CLANG_WARN_ENUM_CONVERSION = YES;
				CLANG_WARN_INFINITE_RECURSION = YES;
				CLANG_WARN_INT_CONVERSION = YES;
				CLANG_WARN_NON_LITERAL_NULL_CONVERSION = YES;
				CLANG_WARN_OBJC_IMPLICIT_RETAIN_SELF = YES;
				CLANG_WARN_OBJC_LITERAL_CONVERSION = YES;
				CLANG_WARN_OBJC_ROOT_CLASS = YES_ERROR;
				CLANG_WARN_RANGE_LOOP_ANALYSIS = YES;
				CLANG_WARN_STRICT_PROTOTYPES = YES;
				CLANG_WARN_SUSPICIOUS_MOVE = YES;
				CLANG_WARN_UNGUARDED_AVAILABILITY = YES_AGGRESSIVE;
				CLANG_WARN_UNREACHABLE_CODE = YES;
				CLANG_WARN__DUPLICATE_METHOD_MATCH = YES;
				COPY_PHASE_STRIP = NO;
				DEBUG_INFORMATION_FORMAT = dwarf;
				ENABLE_STRICT_OBJC_MSGSEND = YES;
				ENABLE_TESTABILITY = YES;
				GCC_C_LANGUAGE_STANDARD = gnu11;
				GCC_DYNAMIC_NO_PIC = NO;
				GCC_NO_COMMON_BLOCKS = YES;
				GCC_OPTIMIZATION_LEVEL = 0;
				GCC_PREPROCESSOR_DEFINITIONS = (
					"DEBUG=1",
					"$(inherited)",
				);
				GCC_WARN_64_TO_32_BIT_CONVERSION = YES;
				GCC_WARN_ABOUT_RETURN_TYPE = YES_ERROR;
				GCC_WARN_UNDECLARED_SELECTOR = YES;
				GCC_WARN_UNINITIALIZED_AUTOS = YES_AGGRESSIVE;
				GCC_WARN_UNUSED_FUNCTION = YES;
				GCC_WARN_UNUSED_VARIABLE = YES;
				IPHONEOS_DEPLOYMENT_TARGET = 13.2;
				MTL_ENABLE_DEBUG_INFO = INCLUDE_SOURCE;
				MTL_FAST_MATH = YES;
				ONLY_ACTIVE_ARCH = YES;
				SDKROOT = iphoneos;
				SWIFT_ACTIVE_COMPILATION_CONDITIONS = DEBUG;
				SWIFT_OPTIMIZATION_LEVEL = "-Onone";
			};
			name = Debug;
		};
		B1B0604D23E82CDE0035002B /* Release */ = {
			isa = XCBuildConfiguration;
			buildSettings = {
				ALWAYS_SEARCH_USER_PATHS = NO;
				CLANG_ANALYZER_NONNULL = YES;
				CLANG_ANALYZER_NUMBER_OBJECT_CONVERSION = YES_AGGRESSIVE;
				CLANG_CXX_LANGUAGE_STANDARD = "gnu++14";
				CLANG_CXX_LIBRARY = "libc++";
				CLANG_ENABLE_MODULES = YES;
				CLANG_ENABLE_OBJC_ARC = YES;
				CLANG_ENABLE_OBJC_WEAK = YES;
				CLANG_WARN_BLOCK_CAPTURE_AUTORELEASING = YES;
				CLANG_WARN_BOOL_CONVERSION = YES;
				CLANG_WARN_COMMA = YES;
				CLANG_WARN_CONSTANT_CONVERSION = YES;
				CLANG_WARN_DEPRECATED_OBJC_IMPLEMENTATIONS = YES;
				CLANG_WARN_DIRECT_OBJC_ISA_USAGE = YES_ERROR;
				CLANG_WARN_DOCUMENTATION_COMMENTS = YES;
				CLANG_WARN_EMPTY_BODY = YES;
				CLANG_WARN_ENUM_CONVERSION = YES;
				CLANG_WARN_INFINITE_RECURSION = YES;
				CLANG_WARN_INT_CONVERSION = YES;
				CLANG_WARN_NON_LITERAL_NULL_CONVERSION = YES;
				CLANG_WARN_OBJC_IMPLICIT_RETAIN_SELF = YES;
				CLANG_WARN_OBJC_LITERAL_CONVERSION = YES;
				CLANG_WARN_OBJC_ROOT_CLASS = YES_ERROR;
				CLANG_WARN_RANGE_LOOP_ANALYSIS = YES;
				CLANG_WARN_STRICT_PROTOTYPES = YES;
				CLANG_WARN_SUSPICIOUS_MOVE = YES;
				CLANG_WARN_UNGUARDED_AVAILABILITY = YES_AGGRESSIVE;
				CLANG_WARN_UNREACHABLE_CODE = YES;
				CLANG_WARN__DUPLICATE_METHOD_MATCH = YES;
				COPY_PHASE_STRIP = NO;
				DEBUG_INFORMATION_FORMAT = "dwarf-with-dsym";
				ENABLE_NS_ASSERTIONS = NO;
				ENABLE_STRICT_OBJC_MSGSEND = YES;
				GCC_C_LANGUAGE_STANDARD = gnu11;
				GCC_NO_COMMON_BLOCKS = YES;
				GCC_WARN_64_TO_32_BIT_CONVERSION = YES;
				GCC_WARN_ABOUT_RETURN_TYPE = YES_ERROR;
				GCC_WARN_UNDECLARED_SELECTOR = YES;
				GCC_WARN_UNINITIALIZED_AUTOS = YES_AGGRESSIVE;
				GCC_WARN_UNUSED_FUNCTION = YES;
				GCC_WARN_UNUSED_VARIABLE = YES;
				IPHONEOS_DEPLOYMENT_TARGET = 13.2;
				MTL_ENABLE_DEBUG_INFO = NO;
				MTL_FAST_MATH = YES;
				SDKROOT = iphoneos;
				SWIFT_COMPILATION_MODE = wholemodule;
				SWIFT_OPTIMIZATION_LEVEL = "-O";
				VALIDATE_PRODUCT = YES;
			};
			name = Release;
		};
		B1B0604F23E82CDE0035002B /* Debug */ = {
			isa = XCBuildConfiguration;
			buildSettings = {
				ASSETCATALOG_COMPILER_APPICON_NAME = AppIcon;
				CODE_SIGN_STYLE = Automatic;
				DEVELOPMENT_ASSET_PATHS = "\"TestBitrise/Preview Content\"";
				DEVELOPMENT_TEAM = 7S32H6QGP3;
				ENABLE_PREVIEWS = YES;
				INFOPLIST_FILE = TestBitrise/Info.plist;
				LD_RUNPATH_SEARCH_PATHS = (
					"$(inherited)",
					"@executable_path/Frameworks",
				);
				PRODUCT_BUNDLE_IDENTIFIER = com.Traveldoo.TestBitrise;
				PRODUCT_NAME = "$(TARGET_NAME)";
				SWIFT_VERSION = 5.0;
				TARGETED_DEVICE_FAMILY = "1,2";
			};
			name = Debug;
		};
		B1B0605023E82CDE0035002B /* Release */ = {
			isa = XCBuildConfiguration;
			buildSettings = {
				ASSETCATALOG_COMPILER_APPICON_NAME = AppIcon;
				CODE_SIGN_STYLE = Automatic;
				DEVELOPMENT_ASSET_PATHS = "\"TestBitrise/Preview Content\"";
				DEVELOPMENT_TEAM = 7S32H6QGP3;
				ENABLE_PREVIEWS = YES;
				INFOPLIST_FILE = TestBitrise/Info.plist;
				LD_RUNPATH_SEARCH_PATHS = (
					"$(inherited)",
					"@executable_path/Frameworks",
				);
				PRODUCT_BUNDLE_IDENTIFIER = com.Traveldoo.TestBitrise;
				PRODUCT_NAME = "$(TARGET_NAME)";
				SWIFT_VERSION = 5.0;
				TARGETED_DEVICE_FAMILY = "1,2";
			};
			name = Release;
		};
		B1B0605223E82CDE0035002B /* Debug */ = {
			isa = XCBuildConfiguration;
			buildSettings = {
				ALWAYS_EMBED_SWIFT_STANDARD_LIBRARIES = YES;
				BUNDLE_LOADER = "$(TEST_HOST)";
				CODE_SIGN_STYLE = Automatic;
				DEVELOPMENT_TEAM = 7S32H6QGP3;
				INFOPLIST_FILE = TestBitriseTests/Info.plist;
				IPHONEOS_DEPLOYMENT_TARGET = 13.2;
				LD_RUNPATH_SEARCH_PATHS = (
					"$(inherited)",
					"@executable_path/Frameworks",
					"@loader_path/Frameworks",
				);
				PRODUCT_BUNDLE_IDENTIFIER = com.Traveldoo.TestBitriseTests;
				PRODUCT_NAME = "$(TARGET_NAME)";
				SWIFT_VERSION = 5.0;
				TARGETED_DEVICE_FAMILY = "1,2";
				TEST_HOST = "$(BUILT_PRODUCTS_DIR)/TestBitrise.app/TestBitrise";
			};
			name = Debug;
		};
		B1B0605323E82CDE0035002B /* Release */ = {
			isa = XCBuildConfiguration;
			buildSettings = {
				ALWAYS_EMBED_SWIFT_STANDARD_LIBRARIES = YES;
				BUNDLE_LOADER = "$(TEST_HOST)";
				CODE_SIGN_STYLE = Automatic;
				DEVELOPMENT_TEAM = 7S32H6QGP3;
				INFOPLIST_FILE = TestBitriseTests/Info.plist;
				IPHONEOS_DEPLOYMENT_TARGET = 13.2;
				LD_RUNPATH_SEARCH_PATHS = (
					"$(inherited)",
					"@executable_path/Frameworks",
					"@loader_path/Frameworks",
				);
				PRODUCT_BUNDLE_IDENTIFIER = com.Traveldoo.TestBitriseTests;
				PRODUCT_NAME = "$(TARGET_NAME)";
				SWIFT_VERSION = 5.0;
				TARGETED_DEVICE_FAMILY = "1,2";
				TEST_HOST = "$(BUILT_PRODUCTS_DIR)/TestBitrise.app/TestBitrise";
			};
			name = Release;
		};
		B1B0605523E82CDE0035002B /* Debug */ = {
			isa = XCBuildConfiguration;
			buildSettings = {
				ALWAYS_EMBED_SWIFT_STANDARD_LIBRARIES = YES;
				CODE_SIGN_STYLE = Automatic;
				DEVELOPMENT_TEAM = 7S32H6QGP3;
				INFOPLIST_FILE = TestBitriseUITests/Info.plist;
				LD_RUNPATH_SEARCH_PATHS = (
					"$(inherited)",
					"@executable_path/Frameworks",
					"@loader_path/Frameworks",
				);
				PRODUCT_BUNDLE_IDENTIFIER = com.Traveldoo.TestBitriseUITests;
				PRODUCT_NAME = "$(TARGET_NAME)";
				SWIFT_VERSION = 5.0;
				TARGETED_DEVICE_FAMILY = "1,2";
				TEST_TARGET_NAME = TestBitrise;
			};
			name = Debug;
		};
		B1B0605623E82CDE0035002B /* Release */ = {
			isa = XCBuildConfiguration;
			buildSettings = {
				ALWAYS_EMBED_SWIFT_STANDARD_LIBRARIES = YES;
				CODE_SIGN_STYLE = Automatic;
				DEVELOPMENT_TEAM = 7S32H6QGP3;
				INFOPLIST_FILE = TestBitriseUITests/Info.plist;
				LD_RUNPATH_SEARCH_PATHS = (
					"$(inherited)",
					"@executable_path/Frameworks",
					"@loader_path/Frameworks",
				);
				PRODUCT_BUNDLE_IDENTIFIER = com.Traveldoo.TestBitriseUITests;
				PRODUCT_NAME = "$(TARGET_NAME)";
				SWIFT_VERSION = 5.0;
				TARGETED_DEVICE_FAMILY = "1,2";
				TEST_TARGET_NAME = TestBitrise;
			};
			name = Release;
		};
/* End XCBuildConfiguration section */

/* Begin XCConfigurationList section */
		B1B0601F23E82CDA0035002B /* Build configuration list for PBXProject "TestBitrise" */ = {
			isa = XCConfigurationList;
			buildConfigurations = (
				B1B0604C23E82CDE0035002B /* Debug */,
				B1B0604D23E82CDE0035002B /* Release */,
			);
			defaultConfigurationIsVisible = 0;
			defaultConfigurationName = Release;
		};
		B1B0604E23E82CDE0035002B /* Build configuration list for PBXNativeTarget "TestBitrise" */ = {
			isa = XCConfigurationList;
			buildConfigurations = (
				B1B0604F23E82CDE0035002B /* Debug */,
				B1B0605023E82CDE0035002B /* Release */,
			);
			defaultConfigurationIsVisible = 0;
			defaultConfigurationName = Release;
		};
		B1B0605123E82CDE0035002B /* Build configuration list for PBXNativeTarget "TestBitriseTests" */ = {
			isa = XCConfigurationList;
			buildConfigurations = (
				B1B0605223E82CDE0035002B /* Debug */,
				B1B0605323E82CDE0035002B /* Release */,
			);
			defaultConfigurationIsVisible = 0;
			defaultConfigurationName = Release;
		};
		B1B0605423E82CDE0035002B /* Build configuration list for PBXNativeTarget "TestBitriseUITests" */ = {
			isa = XCConfigurationList;
			buildConfigurations = (
				B1B0605523E82CDE0035002B /* Debug */,
				B1B0605623E82CDE0035002B /* Release */,
			);
			defaultConfigurationIsVisible = 0;
			defaultConfigurationName = Release;
		};
/* End XCConfigurationList section */
	};
	rootObject = B1B0601C23E82CDA0035002B /* Project object */;
}
